version = 1
revision = 3
requires-python = "==3.11.*"

[[package]]
name = "arcade"
version = "2.6.17"
source = { registry = "https://pypi.org/simple" }
dependencies = [
    { name = "pillow" },
    { name = "pyglet" },
    { name = "pymunk" },
    { name = "pytiled-parser" },
]
wheels = [
    { url = "https://files.pythonhosted.org/packages/94/37/214bd5cbe1350def92bcae6a2af101f7a0d5c4c6840b681e86f69d356605/arcade-2.6.17-py3-none-any.whl", hash = "sha256:eee7fcbb1384bf5964f4bb796d234896573045139cd297b0a482b63a9e905c2f", size = 39351141, upload-time = "2022-12-30T18:59:26.576Z" },
]

[[package]]
name = "attrs"
version = "26.1.0"
source = { registry = "https://pypi.org/simple" }
sdist = { url = "https://files.pythonhosted.org/packages/9a/8e/82a0fe20a541c03148528be8cac2408564a6c9a0cc7e9171802bc1d26985/attrs-26.1.0.tar.gz", hash = "sha256:d03ceb89cb322a8fd706d4fb91940737b6642aa36998fe130a9bc96c985eff32", size = 952055, upload-time = "2026-03-19T14:22:25.026Z" }
wheels = [
    { url = "https://files.pythonhosted.org/packages/64/b4/17d4b0b2a2dc85a6df63d1157e028ed19f90d4cd97c36717afef2bc2f395/attrs-26.1.0-py3-none-any.whl", hash = "sha256:c647aa4a12dfbad9333ca4e71fe62ddc36f4e63b2d260a37a8b83d2f043ac309", size = 67548, upload-time = "2026-03-19T14:22:23.645Z" },
]

[[package]]
name = "cffi"
version = "2.0.0"
source = { registry = "https://pypi.org/simple" }
dependencies = [
    { name = "pycparser", marker = "implementation_name != 'PyPy'" },
]
sdist = { url = "https://files.pythonhosted.org/packages/eb/56/b1ba7935a17738ae8453301356628e8147c79dbb825bcbc73dc7401f9846/cffi-2.0.0.tar.gz", hash = "sha256:44d1b5909021139fe36001ae048dbdde8214afa20200eda0f64c068cac5d5529", size = 523588, upload-time = "2025-09-08T23:24:04.541Z" }
wheels = [
    { url = "https://files.pythonhosted.org/packages/12/4a/3dfd5f7850cbf0d06dc84ba9aa00db766b52ca38d8b86e3a38314d52498c/cffi-2.0.0-cp311-cp311-macosx_10_13_x86_64.whl", hash = "sha256:b4c854ef3adc177950a8dfc81a86f5115d2abd545751a304c5bcf2c2c7283cfe", size = 184344, upload-time = "2025-09-08T23:22:26.456Z" },
    { url = "https://files.pythonhosted.org/packages/4f/8b/f0e4c441227ba756aafbe78f117485b25bb26b1c059d01f137fa6d14896b/cffi-2.0.0-cp311-cp311-macosx_11_0_arm64.whl", hash = "sha256:2de9a304e27f7596cd03d16f1b7c72219bd944e99cc52b84d0145aefb07cbd3c", size = 180560, upload-time = "2025-09-08T23:22:28.197Z" },
    { url = "https://files.pythonhosted.org/packages/b1/b7/1200d354378ef52ec227395d95c2576330fd22a869f7a70e88e1447eb234/cffi-2.0.0-cp311-cp311-manylinux1_i686.manylinux2014_i686.manylinux_2_17_i686.manylinux_2_5_i686.whl", hash = "sha256:baf5215e0ab74c16e2dd324e8ec067ef59e41125d3eade2b863d294fd5035c92", size = 209613, upload-time = "2025-09-08T23:22:29.475Z" },
    { url = "https://files.pythonhosted.org/packages/b8/56/6033f5e86e8cc9bb629f0077ba71679508bdf54a9a5e112a3c0b91870332/cffi-2.0.0-cp311-cp311-manylinux2014_aarch64.manylinux_2_17_aarch64.whl", hash = "sha256:730cacb21e1bdff3ce90babf007d0a0917cc3e6492f336c2f0134101e0944f93", size = 216476, upload-time = "2025-09-08T23:22:31.063Z" },
    { url = "https://files.pythonhosted.org/packages/dc/7f/55fecd70f7ece178db2f26128ec41430d8720f2d12ca97bf8f0a628207d5/cffi-2.0.0-cp311-cp311-manylinux2014_ppc64le.manylinux_2_17_ppc64le.whl", hash = "sha256:6824f87845e3396029f3820c206e459ccc91760e8fa24422f8b0c3d1731cbec5", size = 203374, upload-time = "2025-09-08T23:22:32.507Z" },
    { url = "https://files.pythonhosted.org/packages/84/ef/a7b77c8bdc0f77adc3b46888f1ad54be8f3b7821697a7b89126e829e676a/cffi-2.0.0-cp311-cp311-manylinux2014_s390x.manylinux_2_17_s390x.whl", hash = "sha256:9de40a7b0323d889cf8d23d1ef214f565ab154443c42737dfe52ff82cf857664", size = 202597, upload-time = "2025-09-08T23:22:34.132Z" },
    { url = "https://files.pythonhosted.org/packages/d7/91/500d892b2bf36529a75b77958edfcd5ad8e2ce4064ce2ecfeab2125d72d1/cffi-2.0.0-cp311-cp311-manylinux2014_x86_64.manylinux_2_17_x86_64.whl", hash = "sha256:8941aaadaf67246224cee8c3803777eed332a19d909b47e29c9842ef1e79ac26", size = 215574, upload-time = "2025-09-08T23:22:35.443Z" },
    { url = "https://files.pythonhosted.org/packages/44/64/58f6255b62b101093d5df22dcb752596066c7e89dd725e0afaed242a61be/cffi-2.0.0-cp311-cp311-musllinux_1_2_aarch64.whl", hash = "sha256:a05d0c237b3349096d3981b727493e22147f934b20f6f125a3eba8f994bec4a9", size = 218971, upload-time = "2025-09-08T23:22:36.805Z" },
    { url = "https://files.pythonhosted.org/packages/ab/49/fa72cebe2fd8a55fbe14956f9970fe8eb1ac59e5df042f603ef7c8ba0adc/cffi-2.0.0-cp311-cp311-musllinux_1_2_i686.whl", hash = "sha256:94698a9c5f91f9d138526b48fe26a199609544591f859c870d477351dc7b2414", size = 211972, upload-time = "2025-09-08T23:22:38.436Z" },
    { url = "https://files.pythonhosted.org/packages/0b/28/dd0967a76aab36731b6ebfe64dec4e981aff7e0608f60c2d46b46982607d/cffi-2.0.0-cp311-cp311-musllinux_1_2_x86_64.whl", hash = "sha256:5fed36fccc0612a53f1d4d9a816b50a36702c28a2aa880cb8a122b3466638743", size = 217078, upload-time = "2025-09-08T23:22:39.776Z" },
    { url = "https://files.pythonhosted.org/packages/2b/c0/015b25184413d7ab0a410775fdb4a50fca20f5589b5dab1dbbfa3baad8ce/cffi-2.0.0-cp311-cp311-win32.whl", hash = "sha256:c649e3a33450ec82378822b3dad03cc228b8f5963c0c12fc3b1e0ab940f768a5", size = 172076, upload-time = "2025-09-08T23:22:40.95Z" },
    { url = "https://files.pythonhosted.org/packages/ae/8f/dc5531155e7070361eb1b7e4c1a9d896d0cb21c49f807a6c03fd63fc877e/cffi-2.0.0-cp311-cp311-win_amd64.whl", hash = "sha256:66f011380d0e49ed280c789fbd08ff0d40968ee7b665575489afa95c98196ab5", size = 182820, upload-time = "2025-09-08T23:22:42.463Z" },
    { url = "https://files.pythonhosted.org/packages/95/5c/1b493356429f9aecfd56bc171285a4c4ac8697f76e9bbbbb105e537853a1/cffi-2.0.0-cp311-cp311-win_arm64.whl", hash = "sha256:c6638687455baf640e37344fe26d37c404db8b80d037c3d29f58fe8d1c3b194d", size = 177635, upload-time = "2025-09-08T23:22:43.623Z" },
]

[[package]]
name = "numpy"
version = "2.4.6"
source = { registry = "https://pypi.org/simple" }
sdist = { url = "https://files.pythonhosted.org/packages/d0/ad/fed0499ce6a338d2a03ebae59cd15093910c8875328855781952abf6c2fe/numpy-2.4.6.tar.gz", hash = "sha256:f3a3570c4a2a16746ac2c31a7c7c7b0c186b95ce902e33db6f28094ed7387dda", size = 20735807, upload-time = "2026-05-18T23:37:14.07Z" }
wheels = [
    { url = "https://files.pythonhosted.org/packages/b3/49/ec46835a70be8fa6446c495126ac84fdb28cb2558e1620ffb87a10c8b64c/numpy-2.4.6-cp311-cp311-macosx_10_9_x86_64.whl", hash = "sha256:0280e0356c0829a18d9de1cb7eee50ec22ca639878d7240307ca0943d73cd2c4", size = 16969194, upload-time = "2026-05-18T23:33:13.503Z" },
    { url = "https://files.pythonhosted.org/packages/0e/0d/f5957185c0ee2f3e12f78715aa9e3b353fd83633316c8532b38faa37e3f6/numpy-2.4.6-cp311-cp311-macosx_11_0_arm64.whl", hash = "sha256:110f8b71aacb688ec69062bb7f6938a0f8acb01b7c1c4beb453c65b6d234584d", size = 14964111, upload-time = "2026-05-18T23:33:17.795Z" },
    { url = "https://files.pythonhosted.org/packages/ad/40/40a40ee0ddf7ceb782c49af278894b686e586d65d8c1889c8b5da01a3d7d/numpy-2.4.6-cp311-cp311-macosx_14_0_arm64.whl", hash = "sha256:4cfe66903cc32a9921a6733d96b19bb6abf310397581bbad89c228f5abaf0ee8", size = 5469159, upload-time = "2026-05-18T23:33:20.654Z" },
    { url = "https://files.pythonhosted.org/packages/63/13/f9a8046535cb21deae82f8d03de9617e08882d274fad2539630761888228/numpy-2.4.6-cp311-cp311-macosx_14_0_x86_64.whl", hash = "sha256:8155154c7c691289fe18f510b5d4657c68c67989f293f0535a91360392ff6538", size = 6798936, upload-time = "2026-05-18T23:33:22.987Z" },
    { url = "https://files.pythonhosted.org/packages/33/a8/6fa8c1a345a8c85dbb21932c447bee07c30a2c2a3f31e369c0a84b300147/numpy-2.4.6-cp311-cp311-manylinux_2_27_aarch64.manylinux_2_28_aarch64.whl", hash = "sha256:0ab0a9c4ffb1a6d95ef519fe4247dba8eb6b18ad93999f76b7f657039acabd47", size = 15966692, upload-time = "2026-05-18T23:33:26.62Z" },
    { url = "https://files.pythonhosted.org/packages/02/03/74fe2a4cb3817d94d86402f2506554130a2f01414e299b5a843e5a8a957f/numpy-2.4.6-cp311-cp311-manylinux_2_27_x86_64.manylinux_2_28_x86_64.whl", hash = "sha256:89cd468399cfd2504718f0ba50e410dca55a170b61a02ad92bb18c8a65186e93", size = 16918164, upload-time = "2026-05-18T23:33:29.955Z" },
    { url = "https://files.pythonhosted.org/packages/c5/80/3615be3313f7e7696609bc194b9f0101da809df79e859bdb84e0cd043f46/numpy-2.4.6-cp311-cp311-musllinux_1_2_aarch64.whl", hash = "sha256:c2d37ab77531417474168eb79d6d80b14f821a966818505d03013d0833edb7a8", size = 17322877, upload-time = "2026-05-18T23:33:34.724Z" },
    { url = "https://files.pythonhosted.org/packages/ca/ac/a691e0fe2675e370d0e08ff905adc49a1c8830e8cae03efe4477e92cd55d/numpy-2.4.6-cp311-cp311-musllinux_1_2_x86_64.whl", hash = "sha256:f407cb6b8e9d6d8c626bc73c945db1706035af8fd632295547bf1c9e46d092d6", size = 18651487, upload-time = "2026-05-18T23:33:38.217Z" },
    { url = "https://files.pythonhosted.org/packages/15/a7/9bc1cd626d7bf6869bfedf27b91b6ab5dd607758bf8e959d6fa80c6a59cb/numpy-2.4.6-cp311-cp311-win32.whl", hash = "sha256:ddea102b48f9e339f3948bf22040944184627a30fdf7f858667673b9c5f033c8", size = 6233945, upload-time = "2026-05-18T23:33:41.331Z" },
    { url = "https://files.pythonhosted.org/packages/c5/31/7fc6239c12bce7e931463251cca4426c465e1876ba3cc785402ef4dd8f4e/numpy-2.4.6-cp311-cp311-win_amd64.whl", hash = "sha256:1e254a00cdf42b1e4d5b3d68d33af63268d41340d8885df2ab6470f2e1500147", size = 12608406, upload-time = "2026-05-18T23:33:44.131Z" },
    { url = "https://files.pythonhosted.org/packages/27/83/140f85a466595a16382996a1bf06b2b54bcd597488921b0c9daaeeda72af/numpy-2.4.6-cp311-cp311-win_arm64.whl", hash = "sha256:ed9749eef4cbd126da3dc1d6bcb3a57f5eb7ac6a6484146bdbf743f552dfc577", size = 10479528, upload-time = "2026-05-18T23:33:50.725Z" },
    { url = "https://files.pythonhosted.org/packages/de/12/b422cc84439adc0d00de605bf4a308890ae5c26f2c71fbd73e5d08fbb0dd/numpy-2.4.6-pp311-pypy311_pp73-macosx_10_15_x86_64.whl", hash = "sha256:55cced7c52e981362f708ad635198e97a752dfba412cc03c23bbf3bd8d5cd662", size = 16847511, upload-time = "2026-05-18T23:36:50.673Z" },
    { url = "https://files.pythonhosted.org/packages/44/53/f481bef68011740f8849418d82db07230e825013f31f4eef5ba5b805316a/numpy-2.4.6-pp311-pypy311_pp73-macosx_11_0_arm64.whl", hash = "sha256:d6da64deb6b8ed903e7560180a92f2d804ee1ba5eeb849ac2748b8c1aba1f6d7", size = 14889064, upload-time = "2026-05-18T23:36:53.879Z" },
    { url = "https://files.pythonhosted.org/packages/7f/57/42ed575c10ced8af951d426bc4e1f8aff16fd851db33f067036215a7f860/numpy-2.4.6-pp311-pypy311_pp73-macosx_14_0_arm64.whl", hash = "sha256:68a5124b13fa6cc2086764a20005d30bc0548146f7f5322f02fce212ca14317f", size = 5394157, upload-time = "2026-05-18T23:36:57.194Z" },
    { url = "https://files.pythonhosted.org/packages/6a/ef/f66cc724fcc36c1e364c67f51ae9146090b8b584f27d58b97fdae3edd737/numpy-2.4.6-pp311-pypy311_pp73-macosx_14_0_x86_64.whl", hash = "sha256:948424b06129ce883307e8cff868c31396d8dc7630a59c61d70d98dbe70f222c", size = 6708728, upload-time = "2026-05-18T23:36:59.575Z" },
    { url = "https://files.pythonhosted.org/packages/1a/9c/c531f2293b91265d8b48e9b329f54fdd7ffae73cb4134ea10cca4237e9cc/numpy-2.4.6-pp311-pypy311_pp73-manylinux_2_27_aarch64.manylinux_2_28_aarch64.whl", hash = "sha256:5dbbdb29840ca3d91ee0fece42fc29278886d908280bfec0a5846c6f901a3eb0", size = 15798374, upload-time = "2026-05-18T23:37:02.674Z" },
    { url = "https://files.pythonhosted.org/packages/1a/b0/413077f6b1153ed3cba361401c6783bbad6114804a000cc22eb71c13e190/numpy-2.4.6-pp311-pypy311_pp73-manylinux_2_27_x86_64.manylinux_2_28_x86_64.whl", hash = "sha256:8ad03c0965fb3c692200e74d458ca28c1dbb4ce96f9a479a8aa041ad5fabca02", size = 16747286, upload-time = "2026-05-18T23:37:06.327Z" },
    { url = "https://files.pythonhosted.org/packages/15/ce/e5ec180bc41812edcd8daeb8639d205622c0e8c02259d8ab25a0201b3c2a/numpy-2.4.6-pp311-pypy311_pp73-win_amd64.whl", hash = "sha256:2803abfebfc990042cd494d8ce2d5f82e9d847af6d35ec486923aa19dbad5e73", size = 12504263, upload-time = "2026-05-18T23:37:09.715Z" },
]

[[package]]
name = "pcg-platformer"
version = "0.1.0"
source = { virtual = "." }
dependencies = [
    { name = "arcade" },
    { name = "numpy" },
]

[package.metadata]
requires-dist = [
    { name = "arcade", specifier = "==2.6.17" },
    { name = "numpy", specifier = ">=2.0.0" },
]

[[package]]
name = "pillow"
version = "9.3.0"
source = { registry = "https://pypi.org/simple" }
sdist = { url = "https://files.pythonhosted.org/packages/16/11/da8d395299ca166aa56d9436e26fe8440e5443471de16ccd9a1d06f5993a/Pillow-9.3.0.tar.gz", hash = "sha256:c935a22a557a560108d780f9a0fc426dd7459940dc54faa49d83249c8d3e760f", size = 50376883, upload-time = "2022-10-29T14:15:57.755Z" }
wheels = [
    { url = "https://files.pythonhosted.org/packages/c2/1d/5d0fd887bb790a42a9efb7fe742358f1eae332ee3120a7d4f79ee37358c9/Pillow-9.3.0-cp311-cp311-macosx_10_10_x86_64.whl", hash = "sha256:57751894f6618fd4308ed8e0c36c333e2f5469744c34729a27532b3db106ee20", size = 3272831, upload-time = "2022-10-29T14:13:48.388Z" },
    { url = "https://files.pythonhosted.org/packages/0d/87/f696d8464c949c5a7ac133c8b7297a4243e0319fd29ae3a90b4ac90f0a5b/Pillow-9.3.0-cp311-cp311-macosx_11_0_arm64.whl", hash = "sha256:7db8b751ad307d7cf238f02101e8e36a128a6cb199326e867d1398067381bff4", size = 2908931, upload-time = "2022-10-29T14:13:50.389Z" },
    { url = "https://files.pythonhosted.org/packages/78/8c/ae0c7cfb6cae4eb0946b7369258f78e3104c22eeffda45ad6228bc0838f5/Pillow-9.3.0-cp311-cp311-manylinux_2_17_aarch64.manylinux2014_aarch64.whl", hash = "sha256:3033fbe1feb1b59394615a1cafaee85e49d01b51d54de0cbf6aa8e64182518a1", size = 3031497, upload-time = "2022-10-29T14:13:52.265Z" },
    { url = "https://files.pythonhosted.org/packages/d1/6f/b5e87428a5566563b6d661824c694bbc4b0386aed1c939b9aec47d9ee573/Pillow-9.3.0-cp311-cp311-manylinux_2_17_i686.manylinux2014_i686.whl", hash = "sha256:22b012ea2d065fd163ca096f4e37e47cd8b59cf4b0fd47bfca6abb93df70b34c", size = 3300552, upload-time = "2022-10-29T14:13:54.045Z" },
    { url = "https://files.pythonhosted.org/packages/2c/74/109e3d1fd2847c19c556fe4ce9b3f4aac2147b56c7b5d0924ae9586d2a47/Pillow-9.3.0-cp311-cp311-manylinux_2_17_x86_64.manylinux2014_x86_64.whl", hash = "sha256:b9a65733d103311331875c1dca05cb4606997fd33d6acfed695b1232ba1df193", size = 3222331, upload-time = "2022-10-29T14:13:56.006Z" },
    { url = "https://files.pythonhosted.org/packages/e0/59/74d88751801101259abd695f77c44b97a828b6a4e7981a79a75d2c3379ae/Pillow-9.3.0-cp311-cp311-manylinux_2_28_aarch64.whl", hash = "sha256:502526a2cbfa431d9fc2a079bdd9061a2397b842bb6bc4239bb176da00993812", size = 3071178, upload-time = "2022-10-29T14:13:57.893Z" },
    { url = "https://files.pythonhosted.org/packages/5b/48/1e4437f90c0531c0a8f5c5b1e793e0f234fe8203019de04001213b4fb38e/Pillow-9.3.0-cp311-cp311-manylinux_2_28_x86_64.whl", hash = "sha256:90fb88843d3902fe7c9586d439d1e8c05258f41da473952aa8b328d8b907498c", size = 3266993, upload-time = "2022-10-29T14:13:59.935Z" },
    { url = "https://files.pythonhosted.org/packages/1d/15/054644ecbed79d3af017a56eaabd13bf712b21c3a667b8a67a335174f4b7/Pillow-9.3.0-cp311-cp311-musllinux_1_1_x86_64.whl", hash = "sha256:89dca0ce00a2b49024df6325925555d406b14aa3efc2f752dbb5940c52c56b11", size = 3321962, upload-time = "2022-10-29T14:14:02.037Z" },
    { url = "https://files.pythonhosted.org/packages/dc/20/30e5ea4ecb35b36d9bc4ff4e8edc048e017a8e3d2e087a512b0622bfdde3/Pillow-9.3.0-cp311-cp311-win32.whl", hash = "sha256:3168434d303babf495d4ba58fc22d6604f6e2afb97adc6a423e917dab828939c", size = 2171578, upload-time = "2022-10-29T14:14:04.396Z" },
    { url = "https://files.pythonhosted.org/packages/d4/0d/e8f6ed8e2328007020bb242a0443d925f23ee06d059486c5f1308f2a5e26/Pillow-9.3.0-cp311-cp311-win_amd64.whl", hash = "sha256:18498994b29e1cf86d505edcb7edbe814d133d2232d256db8c7a8ceb34d18cef", size = 2464995, upload-time = "2022-10-29T14:14:06.679Z" },
]

[[package]]
name = "pycparser"
version = "3.0"
source = { registry = "https://pypi.org/simple" }
sdist = { url = "https://files.pythonhosted.org/packages/1b/7d/92392ff7815c21062bea51aa7b87d45576f649f16458d78b7cf94b9ab2e6/pycparser-3.0.tar.gz", hash = "sha256:600f49d217304a5902ac3c37e1281c9fe94e4d0489de643a9504c5cdfdfc6b29", size = 103492, upload-time = "2026-01-21T14:26:51.89Z" }
wheels = [
    { url = "https://files.pythonhosted.org/packages/0c/c3/44f3fbbfa403ea2a7c779186dc20772604442dde72947e7d01069cbe98e3/pycparser-3.0-py3-none-any.whl", hash = "sha256:b727414169a36b7d524c1c3e31839a521725078d7b2ff038656844266160a992", size = 48172, upload-time = "2026-01-21T14:26:50.693Z" },
]

[[package]]
name = "pyglet"
version = "2.0.dev23"
source = { registry = "https://pypi.org/simple" }
sdist = { url = "https://files.pythonhosted.org/packages/dc/25/865361d60671e79e3e4f1fc7846750fd88fd7dd3c59fb8c410eda3f14a07/pyglet-2.0.dev23.zip", hash = "sha256:0e8fab3cb085b9ae28ad782bf636e75b9493816baee9c1c57cb9d0769b1b894d", size = 6648778, upload-time = "2022-09-15T09:19:27.41Z" }
wheels = [
    { url = "https://files.pythonhosted.org/packages/13/1c/fe220875efb0b231e9bfebb142dbec4dd4ba2e1744a0c736e0e6092fe43d/pyglet-2.0.dev23-py3-none-any.whl", hash = "sha256:3f425b45376892f6866e9b10f215004f22f720a2ff02df5d4b96405d04cb546d", size = 965348, upload-time = "2022-09-15T09:19:22.863Z" },
]

[[package]]
name = "pymunk"
version = "6.4.0"
source = { registry = "https://pypi.org/simple" }
dependencies = [
    { name = "cffi" },
]
sdist = { url = "https://files.pythonhosted.org/packages/dd/c1/7779cab858ed5f1de2d80fd5ba2823002edfe148fa8b1a13a41af1e869cf/pymunk-6.4.0.zip", hash = "sha256:60dcd9ff0433e6ce49e5cb577a4368d0592c4685f4deb644d705c882161c724e", size = 7701388, upload-time = "2022-11-20T15:01:42.822Z" }
wheels = [
    { url = "https://files.pythonhosted.org/packages/e4/0f/2d466280b1638d58c82bb746829db3e0148c8e1f9d332b65f8cd69ffe145/pymunk-6.4.0-cp311-cp311-macosx_10_9_x86_64.whl", hash = "sha256:0063de8563021f47abbca03526f77786caa9c441ed90264566ad59e480688c95", size = 323848, upload-time = "2022-11-20T14:58:31.223Z" },
    { url = "https://files.pythonhosted.org/packages/c5/a0/a540b5886e1b79aa492164c74b5a0560a87a13377d9cfec90a161387d2f0/pymunk-6.4.0-cp311-cp311-macosx_11_0_arm64.whl", hash = "sha256:02d4650c677a37d6d4617b4fd74ce1b943da9f916062bf7b60cd849c7da18d75", size = 317355, upload-time = "2022-11-20T14:58:33.839Z" },
    { url = "https://files.pythonhosted.org/packages/48/56/7e8231fed1402feaa57b48a5abc08a9be98d996c54d25ad58c9ba3184c66/pymunk-6.4.0-cp311-cp311-manylinux_2_17_x86_64.manylinux2014_x86_64.whl", hash = "sha256:39d6bf81b0d9ffe84adc926e74e3a446c515107d87408b0812ca7fc18378a7e2", size = 996444, upload-time = "2022-11-20T14:58:36.776Z" },
    { url = "https://files.pythonhosted.org/packages/14/df/44c2570aefd4d03cf7f575a77d59ce61b4344413696c7806d5c7af5ec368/pymunk-6.4.0-cp311-cp311-manylinux_2_5_i686.manylinux1_i686.manylinux_2_17_i686.manylinux2014_i686.whl", hash = "sha256:b7b326b64d2903a17581952c8813e64e8373077481f602420e683e0940e9f00a", size = 923685, upload-time = "2022-11-20T14:58:39.788Z" },
    { url = "https://files.pythonhosted.org/packages/d4/9c/9d0fb9a104a4fbd85aece6f7b1c21baf21e11f8f75918953c1120aff4e05/pymunk-6.4.0-cp311-cp311-musllinux_1_1_i686.whl", hash = "sha256:f477e920b537e0a1d25a3bfe2672c042b40e2d9da156869c9c6fe208e8ae4668", size = 955303, upload-time = "2022-11-20T14:58:43.018Z" },
    { url = "https://files.pythonhosted.org/packages/68/3a/322a849bd8ddbf4d63d44fec20da3236e1bdd21c86b42a6f687fd8e84a5a/pymunk-6.4.0-cp311-cp311-musllinux_1_1_x86_64.whl", hash = "sha256:5d6b19d8bf6394507bb0425f627a30d00ad49c94aaa92abd284594d78a1aa7c3", size = 1028436, upload-time = "2022-11-20T14:58:46.514Z" },
    { url = "https://files.pythonhosted.org/packages/d5/9e/1a93c6bba08b174b0bdd0038991a7ce1b85bb6e372ac1540cb283267c263/pymunk-6.4.0-cp311-cp311-win32.whl", hash = "sha256:1c849e96d9d9b10d46eb9f5ebab7a9e120aba1ff911d055cff896bec519db965", size = 278094, upload-time = "2022-11-20T14:58:48.657Z" },
    { url = "https://files.pythonhosted.org/packages/6c/96/387c00935d40b55e2ed58d332de724f257574b483515ad90709c559ab775/pymunk-6.4.0-cp311-cp311-win_amd64.whl", hash = "sha256:8d0747e0074adf8e6997bc3991d712f2476b2abde2328f1cf7b2bc6120753db9", size = 328891, upload-time = "2022-11-20T14:58:51.345Z" },
]

[[package]]
name = "pytiled-parser"
version = "2.2.0"
source = { registry = "https://pypi.org/simple" }
dependencies = [
    { name = "attrs" },
    { name = "typing-extensions" },
]
sdist = { url = "https://files.pythonhosted.org/packages/92/60/eded0a967a34ec9fec38d87de15d963c7ac8e9d843dbcc632923e25df5e1/pytiled_parser-2.2.0.tar.gz", hash = "sha256:7a60b319545db7e3d9ffdb73d1ea613e11a8217c11547bd50e3424decb7d40a3", size = 34054, upload-time = "2022-08-13T20:53:00.459Z" }
wheels = [
    { url = "https://files.pythonhosted.org/packages/47/01/0f464fa95677d526cf42ded81f6e5d65039bca56aa845482bc378a174bae/pytiled_parser-2.2.0-py3-none-any.whl", hash = "sha256:655e2964d39b4d1f703e6b4e8aabef3ab88735e7e258256de8330153a5826357", size = 42697, upload-time = "2022-08-13T20:52:58.683Z" },
]

[[package]]
name = "typing-extensions"
version = "4.15.0"
source = { registry = "https://pypi.org/simple" }
sdist = { url = "https://files.pythonhosted.org/packages/72/94/1a15dd82efb362ac84269196e94cf00f187f7ed21c242792a923cdb1c61f/typing_extensions-4.15.0.tar.gz", hash = "sha256:0cea48d173cc12fa28ecabc3b837ea3cf6f38c6d1136f85cbaaf598984861466", size = 109391, upload-time = "2025-08-25T13:49:26.313Z" }
wheels = [
    { url = "https://files.pythonhosted.org/packages/18/67/36e9267722cc04a6b9f15c7f3441c2363321a3ea07da7ae0c0707beb2a9c/typing_extensions-4.15.0-py3-none-any.whl", hash = "sha256:f0fa19c6845758ab08074a0cfa8b7aecb71c999ca73d62883bc25cc018c4e548", size = 44614, upload-time = "2025-08-25T13:49:24.86Z" },
]
